
Microsoft Visual Studio Solution File, Format Version 12.00
# Visual Studio Version 16
VisualStudioVersion = 16.0.30907.101
MinimumVisualStudioVersion = 10.0.40219.1
Project("{9A19103F-16F7-4668-BE54-9A1E7A4F7556}") = "AWSLambda3", "AWSLambda3\AWSLambda3.csproj", "{0542D3AC-48FD-4003-8C56-F226F6E82F58}"
EndProject
Global
	GlobalSection(SolutionConfigurationPlatforms) = preSolution
		Debug|Any CPU = Debug|Any CPU
		Release|Any CPU = Release|Any CPU
	EndGlobalSection
	GlobalSection(ProjectConfigurationPlatforms) = postSolution
		{0542D3AC-48FD-4003-8C56-F226F6E82F58}.Debug|Any CPU.ActiveCfg = Debug|Any CPU
		{0542D3AC-48FD-4003-8C56-F226F6E82F58}.Debug|Any CPU.Build.0 = Debug|Any CPU
		{0542D3AC-48FD-4003-8C56-F226F6E82F58}.Release|Any CPU.ActiveCfg = Release|Any CPU
		{0542D3AC-48FD-4003-8C56-F226F6E82F58}.Release|Any CPU.Build.0 = Release|Any CPU
	EndGlobalSection
	GlobalSection(SolutionProperties) = preSolution
		HideSolutionNode = FALSE
	EndGlobalSection
	GlobalSection(ExtensibilityGlobals) = postSolution
		SolutionGuid = {7ACC9E97-7C9C-489E-9A6B-2DC883F711CC}
	EndGlobalSection
EndGlobal
